
Microsoft Visual Studio Solution File, Format Version 12.00
# Visual Studio Version 16
VisualStudioVersion = 16.0.29215.179
MinimumVisualStudioVersion = 10.0.40219.1
Project("{FAE04EC0-301F-11D3-BF4B-00C04F79EFBC}") = "GDP", "GDP\GDP.csproj", "{2DFDA9CC-58E4-4AB1-9E66-15A671751CEF}"
EndProject
Project("{FAE04EC0-301F-11D3-BF4B-00C04F79EFBC}") = "GDP.Tests", "GDP.Tests\GDP.Tests.csproj", "{FCFA377F-1F18-4923-B4A8-BB0D8E1B6704}"
EndProject
Global
	GlobalSection(SolutionConfigurationPlatforms) = preSolution
		Debug|Any CPU = Debug|Any CPU
		Release|Any CPU = Release|Any CPU
	EndGlobalSection
	GlobalSection(ProjectConfigurationPlatforms) = postSolution
		{2DFDA9CC-58E4-4AB1-9E66-15A671751CEF}.Debug|Any CPU.ActiveCfg = Debug|Any CPU
		{2DFDA9CC-58E4-4AB1-9E66-15A671751CEF}.Debug|Any CPU.Build.0 = Debug|Any CPU
		{2DFDA9CC-58E4-4AB1-9E66-15A671751CEF}.Release|Any CPU.ActiveCfg = Release|Any CPU
		{2DFDA9CC-58E4-4AB1-9E66-15A671751CEF}.Release|Any CPU.Build.0 = Release|Any CPU
		{FCFA377F-1F18-4923-B4A8-BB0D8E1B6704}.Debug|Any CPU.ActiveCfg = Debug|Any CPU
		{FCFA377F-1F18-4923-B4A8-BB0D8E1B6704}.Debug|Any CPU.Build.0 = Debug|Any CPU
		{FCFA377F-1F18-4923-B4A8-BB0D8E1B6704}.Release|Any CPU.ActiveCfg = Release|Any CPU
		{FCFA377F-1F18-4923-B4A8-BB0D8E1B6704}.Release|Any CPU.Build.0 = Release|Any CPU
	EndGlobalSection
	GlobalSection(SolutionProperties) = preSolution
		HideSolutionNode = FALSE
	EndGlobalSection
	GlobalSection(ExtensibilityGlobals) = postSolution
		SolutionGuid = {2DCC55BD-FD5C-4964-BCE1-5AE75E1ED665}
	EndGlobalSection
EndGlobal
